// !$*UTF8*$!
{
	archiveVersion = 1;
	classes = {
	};
	objectVersion = 56;
	objects = {

/* Begin PBXBuildFile section */
		F9E9F5382A72AA6200D409EE /* AppDelegate.swift in Sources */ = {isa = PBXBuildFile; fileRef = F9E9F5372A72AA6200D409EE /* AppDelegate.swift */; };
		F9E9F53A2A72AA6200D409EE /* SceneDelegate.swift in Sources */ = {isa = PBXBuildFile; fileRef = F9E9F5392A72AA6200D409EE /* SceneDelegate.swift */; };
		F9E9F5412A72AA6400D409EE /* Assets.xcassets in Resources */ = {isa = PBXBuildFile; fileRef = F9E9F5402A72AA6400D409EE /* Assets.xcassets */; };
		F9E9F5442A72AA6400D409EE /* LaunchScreen.storyboard in Resources */ = {isa = PBXBuildFile; fileRef = F9E9F5422A72AA6400D409EE /* LaunchScreen.storyboard */; };
		F9E9F5512A72AFAA00D409EE /* HomeViewController.swift in Sources */ = {isa = PBXBuildFile; fileRef = F9E9F54F2A72AFAA00D409EE /* HomeViewController.swift */; };
		F9E9F5522A72AFAA00D409EE /* HomeViewController.xib in Resources */ = {isa = PBXBuildFile; fileRef = F9E9F5502A72AFAA00D409EE /* HomeViewController.xib */; };
		F9E9F5572A72B6B200D409EE /* BaseViewController.swift in Sources */ = {isa = PBXBuildFile; fileRef = F9E9F5552A72B6B200D409EE /* BaseViewController.swift */; };
		F9E9F5582A72B6B200D409EE /* BaseViewController.xib in Resources */ = {isa = PBXBuildFile; fileRef = F9E9F5562A72B6B200D409EE /* BaseViewController.xib */; };
		F9E9F55B2A72B92200D409EE /* UIKitExtensions.swift in Sources */ = {isa = PBXBuildFile; fileRef = F9E9F55A2A72B92200D409EE /* UIKitExtensions.swift */; };
		F9E9F55E2A73815C00D409EE /* UICollectionViewFlowLayoutFactory.swift in Sources */ = {isa = PBXBuildFile; fileRef = F9E9F55D2A73815C00D409EE /* UICollectionViewFlowLayoutFactory.swift */; };
		F9E9F5622A7398CB00D409EE /* BaseCollectionViewCell.swift in Sources */ = {isa = PBXBuildFile; fileRef = F9E9F5602A7398CB00D409EE /* BaseCollectionViewCell.swift */; };
		F9E9F5632A7398CB00D409EE /* BaseCollectionViewCell.xib in Resources */ = {isa = PBXBuildFile; fileRef = F9E9F5612A7398CB00D409EE /* BaseCollectionViewCell.xib */; };
		F9E9F56A2A739DF000D409EE /* UICollectionViewUtility.swift in Sources */ = {isa = PBXBuildFile; fileRef = F9E9F5692A739DF000D409EE /* UICollectionViewUtility.swift */; };
		F9E9F5712A73C1A700D409EE /* ShowcaseButtonCollectionViewCell.swift in Sources */ = {isa = PBXBuildFile; fileRef = F9E9F56F2A73C1A700D409EE /* ShowcaseButtonCollectionViewCell.swift */; };
		F9E9F5722A73C1A700D409EE /* ShowcaseButtonCollectionViewCell.xib in Resources */ = {isa = PBXBuildFile; fileRef = F9E9F5702A73C1A700D409EE /* ShowcaseButtonCollectionViewCell.xib */; };
		F9E9F5742A73CC8000D409EE /* UICollectionViewCellUtility.swift in Sources */ = {isa = PBXBuildFile; fileRef = F9E9F5732A73CC8000D409EE /* UICollectionViewCellUtility.swift */; };
		F9E9F5772A73CD5B00D409EE /* ShowcaseTextFieldCollectionViewCell.swift in Sources */ = {isa = PBXBuildFile; fileRef = F9E9F5752A73CD5B00D409EE /* ShowcaseTextFieldCollectionViewCell.swift */; };
		F9E9F5782A73CD5B00D409EE /* ShowcaseTextFieldCollectionViewCell.xib in Resources */ = {isa = PBXBuildFile; fileRef = F9E9F5762A73CD5B00D409EE /* ShowcaseTextFieldCollectionViewCell.xib */; };
/* End PBXBuildFile section */

/* Begin PBXFileReference section */
		F9E9F5342A72AA6200D409EE /* Alternate.app */ = {isa = PBXFileReference; explicitFileType = wrapper.application; includeInIndex = 0; path = Alternate.app; sourceTree = BUILT_PRODUCTS_DIR; };
		F9E9F5372A72AA6200D409EE /* AppDelegate.swift */ = {isa = PBXFileReference; lastKnownFileType = sourcecode.swift; path = AppDelegate.swift; sourceTree = "<group>"; };
		F9E9F5392A72AA6200D409EE /* SceneDelegate.swift */ = {isa = PBXFileReference; lastKnownFileType = sourcecode.swift; path = SceneDelegate.swift; sourceTree = "<group>"; };
		F9E9F5402A72AA6400D409EE /* Assets.xcassets */ = {isa = PBXFileReference; lastKnownFileType = folder.assetcatalog; path = Assets.xcassets; sourceTree = "<group>"; };
		F9E9F5432A72AA6400D409EE /* Base */ = {isa = PBXFileReference; lastKnownFileType = file.storyboard; name = Base; path = Base.lproj/LaunchScreen.storyboard; sourceTree = "<group>"; };
		F9E9F5452A72AA6400D409EE /* Info.plist */ = {isa = PBXFileReference; lastKnownFileType = text.plist.xml; path = Info.plist; sourceTree = "<group>"; };
		F9E9F54F2A72AFAA00D409EE /* HomeViewController.swift */ = {isa = PBXFileReference; lastKnownFileType = sourcecode.swift; path = HomeViewController.swift; sourceTree = "<group>"; };
		F9E9F5502A72AFAA00D409EE /* HomeViewController.xib */ = {isa = PBXFileReference; lastKnownFileType = file.xib; path = HomeViewController.xib; sourceTree = "<group>"; };
		F9E9F5552A72B6B200D409EE /* BaseViewController.swift */ = {isa = PBXFileReference; lastKnownFileType = sourcecode.swift; path = BaseViewController.swift; sourceTree = "<group>"; };
		F9E9F5562A72B6B200D409EE /* BaseViewController.xib */ = {isa = PBXFileReference; lastKnownFileType = file.xib; path = BaseViewController.xib; sourceTree = "<group>"; };
		F9E9F55A2A72B92200D409EE /* UIKitExtensions.swift */ = {isa = PBXFileReference; lastKnownFileType = sourcecode.swift; path = UIKitExtensions.swift; sourceTree = "<group>"; };
		F9E9F55D2A73815C00D409EE /* UICollectionViewFlowLayoutFactory.swift */ = {isa = PBXFileReference; lastKnownFileType = sourcecode.swift; path = UICollectionViewFlowLayoutFactory.swift; sourceTree = "<group>"; };
		F9E9F5602A7398CB00D409EE /* BaseCollectionViewCell.swift */ = {isa = PBXFileReference; lastKnownFileType = sourcecode.swift; path = BaseCollectionViewCell.swift; sourceTree = "<group>"; };
		F9E9F5612A7398CB00D409EE /* BaseCollectionViewCell.xib */ = {isa = PBXFileReference; lastKnownFileType = file.xib; path = BaseCollectionViewCell.xib; sourceTree = "<group>"; };
		F9E9F5692A739DF000D409EE /* UICollectionViewUtility.swift */ = {isa = PBXFileReference; lastKnownFileType = sourcecode.swift; path = UICollectionViewUtility.swift; sourceTree = "<group>"; };
		F9E9F56F2A73C1A700D409EE /* ShowcaseButtonCollectionViewCell.swift */ = {isa = PBXFileReference; lastKnownFileType = sourcecode.swift; path = ShowcaseButtonCollectionViewCell.swift; sourceTree = "<group>"; };
		F9E9F5702A73C1A700D409EE /* ShowcaseButtonCollectionViewCell.xib */ = {isa = PBXFileReference; lastKnownFileType = file.xib; path = ShowcaseButtonCollectionViewCell.xib; sourceTree = "<group>"; };
		F9E9F5732A73CC8000D409EE /* UICollectionViewCellUtility.swift */ = {isa = PBXFileReference; lastKnownFileType = sourcecode.swift; path = UICollectionViewCellUtility.swift; sourceTree = "<group>"; };
		F9E9F5752A73CD5B00D409EE /* ShowcaseTextFieldCollectionViewCell.swift */ = {isa = PBXFileReference; lastKnownFileType = sourcecode.swift; path = ShowcaseTextFieldCollectionViewCell.swift; sourceTree = "<group>"; };
		F9E9F5762A73CD5B00D409EE /* ShowcaseTextFieldCollectionViewCell.xib */ = {isa = PBXFileReference; lastKnownFileType = file.xib; path = ShowcaseTextFieldCollectionViewCell.xib; sourceTree = "<group>"; };
/* End PBXFileReference section */

/* Begin PBXFrameworksBuildPhase section */
		F9E9F5312A72AA6200D409EE /* Frameworks */ = {
			isa = PBXFrameworksBuildPhase;
			buildActionMask = 2147483647;
			files = (
			);
			runOnlyForDeploymentPostprocessing = 0;
		};
/* End PBXFrameworksBuildPhase section */

/* Begin PBXGroup section */
		F9E9F52B2A72AA6200D409EE = {
			isa = PBXGroup;
			children = (
				F9E9F5362A72AA6200D409EE /* Alternate */,
				F9E9F5352A72AA6200D409EE /* Products */,
			);
			sourceTree = "<group>";
		};
		F9E9F5352A72AA6200D409EE /* Products */ = {
			isa = PBXGroup;
			children = (
				F9E9F5342A72AA6200D409EE /* Alternate.app */,
			);
			name = Products;
			sourceTree = "<group>";
		};
		F9E9F5362A72AA6200D409EE /* Alternate */ = {
			isa = PBXGroup;
			children = (
				F9E9F5682A739DC800D409EE /* Utilities */,
				F9E9F55C2A73721D00D409EE /* Services */,
				F9E9F5592A72B90500D409EE /* Extensions */,
				F9E9F54B2A72AF5100D409EE /* Models */,
				F9E9F54D2A72AF6400D409EE /* Views */,
				F9E9F54E2A72AF7100D409EE /* ViewModels */,
				F9E9F5372A72AA6200D409EE /* AppDelegate.swift */,
				F9E9F5392A72AA6200D409EE /* SceneDelegate.swift */,
				F9E9F5402A72AA6400D409EE /* Assets.xcassets */,
				F9E9F5422A72AA6400D409EE /* LaunchScreen.storyboard */,
				F9E9F5452A72AA6400D409EE /* Info.plist */,
			);
			path = Alternate;
			sourceTree = "<group>";
		};
		F9E9F54B2A72AF5100D409EE /* Models */ = {
			isa = PBXGroup;
			children = (
			);
			path = Models;
			sourceTree = "<group>";
		};
		F9E9F54D2A72AF6400D409EE /* Views */ = {
			isa = PBXGroup;
			children = (
				F9E9F55F2A7398B000D409EE /* ViewCells */,
				F9E9F5532A72AFB700D409EE /* ViewControllers */,
			);
			path = Views;
			sourceTree = "<group>";
		};
		F9E9F54E2A72AF7100D409EE /* ViewModels */ = {
			isa = PBXGroup;
			children = (
			);
			path = ViewModels;
			sourceTree = "<group>";
		};
		F9E9F5532A72AFB700D409EE /* ViewControllers */ = {
			isa = PBXGroup;
			children = (
				F9E9F5552A72B6B200D409EE /* BaseViewController.swift */,
				F9E9F5562A72B6B200D409EE /* BaseViewController.xib */,
				F9E9F54F2A72AFAA00D409EE /* HomeViewController.swift */,
				F9E9F5502A72AFAA00D409EE /* HomeViewController.xib */,
			);
			path = ViewControllers;
			sourceTree = "<group>";
		};
		F9E9F5592A72B90500D409EE /* Extensions */ = {
			isa = PBXGroup;
			children = (
				F9E9F55A2A72B92200D409EE /* UIKitExtensions.swift */,
			);
			path = Extensions;
			sourceTree = "<group>";
		};
		F9E9F55C2A73721D00D409EE /* Services */ = {
			isa = PBXGroup;
			children = (
				F9E9F55D2A73815C00D409EE /* UICollectionViewFlowLayoutFactory.swift */,
			);
			path = Services;
			sourceTree = "<group>";
		};
		F9E9F55F2A7398B000D409EE /* ViewCells */ = {
			isa = PBXGroup;
			children = (
				F9E9F5602A7398CB00D409EE /* BaseCollectionViewCell.swift */,
				F9E9F5612A7398CB00D409EE /* BaseCollectionViewCell.xib */,
				F9E9F56F2A73C1A700D409EE /* ShowcaseButtonCollectionViewCell.swift */,
				F9E9F5702A73C1A700D409EE /* ShowcaseButtonCollectionViewCell.xib */,
				F9E9F5752A73CD5B00D409EE /* ShowcaseTextFieldCollectionViewCell.swift */,
				F9E9F5762A73CD5B00D409EE /* ShowcaseTextFieldCollectionViewCell.xib */,
			);
			path = ViewCells;
			sourceTree = "<group>";
		};
		F9E9F5682A739DC800D409EE /* Utilities */ = {
			isa = PBXGroup;
			children = (
				F9E9F5692A739DF000D409EE /* UICollectionViewUtility.swift */,
				F9E9F5732A73CC8000D409EE /* UICollectionViewCellUtility.swift */,
			);
			path = Utilities;
			sourceTree = "<group>";
		};
/* End PBXGroup section */

/* Begin PBXNativeTarget section */
		F9E9F5332A72AA6200D409EE /* Alternate */ = {
			isa = PBXNativeTarget;
			buildConfigurationList = F9E9F5482A72AA6400D409EE /* Build configuration list for PBXNativeTarget "Alternate" */;
			buildPhases = (
				F9E9F5302A72AA6200D409EE /* Sources */,
				F9E9F5312A72AA6200D409EE /* Frameworks */,
				F9E9F5322A72AA6200D409EE /* Resources */,
			);
			buildRules = (
			);
			dependencies = (
			);
			name = Alternate;
			productName = Alternate;
			productReference = F9E9F5342A72AA6200D409EE /* Alternate.app */;
			productType = "com.apple.product-type.application";
		};
/* End PBXNativeTarget section */

/* Begin PBXProject section */
		F9E9F52C2A72AA6200D409EE /* Project object */ = {
			isa = PBXProject;
			attributes = {
				BuildIndependentTargetsInParallel = 1;
				LastSwiftUpdateCheck = 1430;
				LastUpgradeCheck = 1430;
				TargetAttributes = {
					F9E9F5332A72AA6200D409EE = {
						CreatedOnToolsVersion = 14.3.1;
					};
				};
			};
			buildConfigurationList = F9E9F52F2A72AA6200D409EE /* Build configuration list for PBXProject "Alternate" */;
			compatibilityVersion = "Xcode 14.0";
			developmentRegion = en;
			hasScannedForEncodings = 0;
			knownRegions = (
				en,
				Base,
			);
			mainGroup = F9E9F52B2A72AA6200D409EE;
			productRefGroup = F9E9F5352A72AA6200D409EE /* Products */;
			projectDirPath = "";
			projectRoot = "";
			targets = (
				F9E9F5332A72AA6200D409EE /* Alternate */,
			);
		};
/* End PBXProject section */

/* Begin PBXResourcesBuildPhase section */
		F9E9F5322A72AA6200D409EE /* Resources */ = {
			isa = PBXResourcesBuildPhase;
			buildActionMask = 2147483647;
			files = (
				F9E9F5782A73CD5B00D409EE /* ShowcaseTextFieldCollectionViewCell.xib in Resources */,
				F9E9F5442A72AA6400D409EE /* LaunchScreen.storyboard in Resources */,
				F9E9F5582A72B6B200D409EE /* BaseViewController.xib in Resources */,
				F9E9F5412A72AA6400D409EE /* Assets.xcassets in Resources */,
				F9E9F5722A73C1A700D409EE /* ShowcaseButtonCollectionViewCell.xib in Resources */,
				F9E9F5632A7398CB00D409EE /* BaseCollectionViewCell.xib in Resources */,
				F9E9F5522A72AFAA00D409EE /* HomeViewController.xib in Resources */,
			);
			runOnlyForDeploymentPostprocessing = 0;
		};
/* End PBXResourcesBuildPhase section */

/* Begin PBXSourcesBuildPhase section */
		F9E9F5302A72AA6200D409EE /* Sources */ = {
			isa = PBXSourcesBuildPhase;
			buildActionMask = 2147483647;
			files = (
				F9E9F5712A73C1A700D409EE /* ShowcaseButtonCollectionViewCell.swift in Sources */,
				F9E9F5742A73CC8000D409EE /* UICollectionViewCellUtility.swift in Sources */,
				F9E9F5382A72AA6200D409EE /* AppDelegate.swift in Sources */,
				F9E9F5622A7398CB00D409EE /* BaseCollectionViewCell.swift in Sources */,
				F9E9F5572A72B6B200D409EE /* BaseViewController.swift in Sources */,
				F9E9F5772A73CD5B00D409EE /* ShowcaseTextFieldCollectionViewCell.swift in Sources */,
				F9E9F53A2A72AA6200D409EE /* SceneDelegate.swift in Sources */,
				F9E9F55E2A73815C00D409EE /* UICollectionViewFlowLayoutFactory.swift in Sources */,
				F9E9F5512A72AFAA00D409EE /* HomeViewController.swift in Sources */,
				F9E9F55B2A72B92200D409EE /* UIKitExtensions.swift in Sources */,
				F9E9F56A2A739DF000D409EE /* UICollectionViewUtility.swift in Sources */,
			);
			runOnlyForDeploymentPostprocessing = 0;
		};
/* End PBXSourcesBuildPhase section */

/* Begin PBXVariantGroup section */
		F9E9F5422A72AA6400D409EE /* LaunchScreen.storyboard */ = {
			isa = PBXVariantGroup;
			children = (
				F9E9F5432A72AA6400D409EE /* Base */,
			);
			name = LaunchScreen.storyboard;
			sourceTree = "<group>";
		};
/* End PBXVariantGroup section */

/* Begin XCBuildConfiguration section */
		F9E9F5462A72AA6400D409EE /* Debug */ = {
			isa = XCBuildConfiguration;
			buildSettings = {
				ALWAYS_SEARCH_USER_PATHS = NO;
				CLANG_ANALYZER_NONNULL = YES;
				CLANG_ANALYZER_NUMBER_OBJECT_CONVERSION = YES_AGGRESSIVE;
				CLANG_CXX_LANGUAGE_STANDARD = "gnu++20";
				CLANG_ENABLE_MODULES = YES;
				CLANG_ENABLE_OBJC_ARC = YES;
				CLANG_ENABLE_OBJC_WEAK = YES;
				CLANG_WARN_BLOCK_CAPTURE_AUTORELEASING = YES;
				CLANG_WARN_BOOL_CONVERSION = YES;
				CLANG_WARN_COMMA = YES;
				CLANG_WARN_CONSTANT_CONVERSION = YES;
				CLANG_WARN_DEPRECATED_OBJC_IMPLEMENTATIONS = YES;
				CLANG_WARN_DIRECT_OBJC_ISA_USAGE = YES_ERROR;
				CLANG_WARN_DOCUMENTATION_COMMENTS = YES;
				CLANG_WARN_EMPTY_BODY = YES;
				CLANG_WARN_ENUM_CONVERSION = YES;
				CLANG_WARN_INFINITE_RECURSION = YES;
				CLANG_WARN_INT_CONVERSION = YES;
				CLANG_WARN_NON_LITERAL_NULL_CONVERSION = YES;
				CLANG_WARN_OBJC_IMPLICIT_RETAIN_SELF = YES;
				CLANG_WARN_OBJC_LITERAL_CONVERSION = YES;
				CLANG_WARN_OBJC_ROOT_CLASS = YES_ERROR;
				CLANG_WARN_QUOTED_INCLUDE_IN_FRAMEWORK_HEADER = YES;
				CLANG_WARN_RANGE_LOOP_ANALYSIS = YES;
				CLANG_WARN_STRICT_PROTOTYPES = YES;
				CLANG_WARN_SUSPICIOUS_MOVE = YES;
				CLANG_WARN_UNGUARDED_AVAILABILITY = YES_AGGRESSIVE;
				CLANG_WARN_UNREACHABLE_CODE = YES;
				CLANG_WARN__DUPLICATE_METHOD_MATCH = YES;
				COPY_PHASE_STRIP = NO;
				DEBUG_INFORMATION_FORMAT = dwarf;
				ENABLE_STRICT_OBJC_MSGSEND = YES;
				ENABLE_TESTABILITY = YES;
				GCC_C_LANGUAGE_STANDARD = gnu11;
				GCC_DYNAMIC_NO_PIC = NO;
				GCC_NO_COMMON_BLOCKS = YES;
				GCC_OPTIMIZATION_LEVEL = 0;
				GCC_PREPROCESSOR_DEFINITIONS = (
					"DEBUG=1",
					"$(inherited)",
				);
				GCC_WARN_64_TO_32_BIT_CONVERSION = YES;
				GCC_WARN_ABOUT_RETURN_TYPE = YES_ERROR;
				GCC_WARN_UNDECLARED_SELECTOR = YES;
				GCC_WARN_UNINITIALIZED_AUTOS = YES_AGGRESSIVE;
				GCC_WARN_UNUSED_FUNCTION = YES;
				GCC_WARN_UNUSED_VARIABLE = YES;
				IPHONEOS_DEPLOYMENT_TARGET = 13.0;
				MTL_ENABLE_DEBUG_INFO = INCLUDE_SOURCE;
				MTL_FAST_MATH = YES;
				ONLY_ACTIVE_ARCH = YES;
				SDKROOT = iphoneos;
				SWIFT_ACTIVE_COMPILATION_CONDITIONS = DEBUG;
				SWIFT_OPTIMIZATION_LEVEL = "-Onone";
			};
			name = Debug;
		};
		F9E9F5472A72AA6400D409EE /* Release */ = {
			isa = XCBuildConfiguration;
			buildSettings = {
				ALWAYS_SEARCH_USER_PATHS = NO;
				CLANG_ANALYZER_NONNULL = YES;
				CLANG_ANALYZER_NUMBER_OBJECT_CONVERSION = YES_AGGRESSIVE;
				CLANG_CXX_LANGUAGE_STANDARD = "gnu++20";
				CLANG_ENABLE_MODULES = YES;
				CLANG_ENABLE_OBJC_ARC = YES;
				CLANG_ENABLE_OBJC_WEAK = YES;
				CLANG_WARN_BLOCK_CAPTURE_AUTORELEASING = YES;
				CLANG_WARN_BOOL_CONVERSION = YES;
				CLANG_WARN_COMMA = YES;
				CLANG_WARN_CONSTANT_CONVERSION = YES;
				CLANG_WARN_DEPRECATED_OBJC_IMPLEMENTATIONS = YES;
				CLANG_WARN_DIRECT_OBJC_ISA_USAGE = YES_ERROR;
				CLANG_WARN_DOCUMENTATION_COMMENTS = YES;
				CLANG_WARN_EMPTY_BODY = YES;
				CLANG_WARN_ENUM_CONVERSION = YES;
				CLANG_WARN_INFINITE_RECURSION = YES;
				CLANG_WARN_INT_CONVERSION = YES;
				CLANG_WARN_NON_LITERAL_NULL_CONVERSION = YES;
				CLANG_WARN_OBJC_IMPLICIT_RETAIN_SELF = YES;
				CLANG_WARN_OBJC_LITERAL_CONVERSION = YES;
				CLANG_WARN_OBJC_ROOT_CLASS = YES_ERROR;
				CLANG_WARN_QUOTED_INCLUDE_IN_FRAMEWORK_HEADER = YES;
				CLANG_WARN_RANGE_LOOP_ANALYSIS = YES;
				CLANG_WARN_STRICT_PROTOTYPES = YES;
				CLANG_WARN_SUSPICIOUS_MOVE = YES;
				CLANG_WARN_UNGUARDED_AVAILABILITY = YES_AGGRESSIVE;
				CLANG_WARN_UNREACHABLE_CODE = YES;
				CLANG_WARN__DUPLICATE_METHOD_MATCH = YES;
				COPY_PHASE_STRIP = NO;
				DEBUG_INFORMATION_FORMAT = "dwarf-with-dsym";
				ENABLE_NS_ASSERTIONS = NO;
				ENABLE_STRICT_OBJC_MSGSEND = YES;
				GCC_C_LANGUAGE_STANDARD = gnu11;
				GCC_NO_COMMON_BLOCKS = YES;
				GCC_WARN_64_TO_32_BIT_CONVERSION = YES;
				GCC_WARN_ABOUT_RETURN_TYPE = YES_ERROR;
				GCC_WARN_UNDECLARED_SELECTOR = YES;
				GCC_WARN_UNINITIALIZED_AUTOS = YES_AGGRESSIVE;
				GCC_WARN_UNUSED_FUNCTION = YES;
				GCC_WARN_UNUSED_VARIABLE = YES;
				IPHONEOS_DEPLOYMENT_TARGET = 13.0;
				MTL_ENABLE_DEBUG_INFO = NO;
				MTL_FAST_MATH = YES;
				SDKROOT = iphoneos;
				SWIFT_COMPILATION_MODE = wholemodule;
				SWIFT_OPTIMIZATION_LEVEL = "-O";
				VALIDATE_PRODUCT = YES;
			};
			name = Release;
		};
		F9E9F5492A72AA6400D409EE /* Debug */ = {
			isa = XCBuildConfiguration;
			buildSettings = {
				ASSETCATALOG_COMPILER_APPICON_NAME = AppIcon;
				ASSETCATALOG_COMPILER_GLOBAL_ACCENT_COLOR_NAME = AccentColor;
				CODE_SIGN_STYLE = Automatic;
				CURRENT_PROJECT_VERSION = 1;
				DEVELOPMENT_TEAM = 53FDVL354X;
				GENERATE_INFOPLIST_FILE = YES;
				INFOPLIST_FILE = Alternate/Info.plist;
				INFOPLIST_KEY_UIApplicationSupportsIndirectInputEvents = YES;
				INFOPLIST_KEY_UILaunchStoryboardName = LaunchScreen;
				INFOPLIST_KEY_UISupportedInterfaceOrientations_iPad = "UIInterfaceOrientationPortrait UIInterfaceOrientationPortraitUpsideDown UIInterfaceOrientationLandscapeLeft UIInterfaceOrientationLandscapeRight";
				INFOPLIST_KEY_UISupportedInterfaceOrientations_iPhone = "UIInterfaceOrientationPortrait UIInterfaceOrientationLandscapeLeft UIInterfaceOrientationLandscapeRight";
				LD_RUNPATH_SEARCH_PATHS = (
					"$(inherited)",
					"@executable_path/Frameworks",
				);
				MARKETING_VERSION = 1.0;
				PRODUCT_BUNDLE_IDENTIFIER = com.linthit.Alternate;
				PRODUCT_NAME = "$(TARGET_NAME)";
				SWIFT_EMIT_LOC_STRINGS = YES;
				SWIFT_VERSION = 5.0;
				TARGETED_DEVICE_FAMILY = "1,2";
			};
			name = Debug;
		};
		F9E9F54A2A72AA6400D409EE /* Release */ = {
			isa = XCBuildConfiguration;
			buildSettings = {
				ASSETCATALOG_COMPILER_APPICON_NAME = AppIcon;
				ASSETCATALOG_COMPILER_GLOBAL_ACCENT_COLOR_NAME = AccentColor;
				CODE_SIGN_STYLE = Automatic;
				CURRENT_PROJECT_VERSION = 1;
				DEVELOPMENT_TEAM = 53FDVL354X;
				GENERATE_INFOPLIST_FILE = YES;
				INFOPLIST_FILE = Alternate/Info.plist;
				INFOPLIST_KEY_UIApplicationSupportsIndirectInputEvents = YES;
				INFOPLIST_KEY_UILaunchStoryboardName = LaunchScreen;
				INFOPLIST_KEY_UISupportedInterfaceOrientations_iPad = "UIInterfaceOrientationPortrait UIInterfaceOrientationPortraitUpsideDown UIInterfaceOrientationLandscapeLeft UIInterfaceOrientationLandscapeRight";
				INFOPLIST_KEY_UISupportedInterfaceOrientations_iPhone = "UIInterfaceOrientationPortrait UIInterfaceOrientationLandscapeLeft UIInterfaceOrientationLandscapeRight";
				LD_RUNPATH_SEARCH_PATHS = (
					"$(inherited)",
					"@executable_path/Frameworks",
				);
				MARKETING_VERSION = 1.0;
				PRODUCT_BUNDLE_IDENTIFIER = com.linthit.Alternate;
				PRODUCT_NAME = "$(TARGET_NAME)";
				SWIFT_EMIT_LOC_STRINGS = YES;
				SWIFT_VERSION = 5.0;
				TARGETED_DEVICE_FAMILY = "1,2";
			};
			name = Release;
		};
/* End XCBuildConfiguration section */

/* Begin XCConfigurationList section */
		F9E9F52F2A72AA6200D409EE /* Build configuration list for PBXProject "Alternate" */ = {
			isa = XCConfigurationList;
			buildConfigurations = (
				F9E9F5462A72AA6400D409EE /* Debug */,
				F9E9F5472A72AA6400D409EE /* Release */,
			);
			defaultConfigurationIsVisible = 0;
			defaultConfigurationName = Release;
		};
		F9E9F5482A72AA6400D409EE /* Build configuration list for PBXNativeTarget "Alternate" */ = {
			isa = XCConfigurationList;
			buildConfigurations = (
				F9E9F5492A72AA6400D409EE /* Debug */,
				F9E9F54A2A72AA6400D409EE /* Release */,
			);
			defaultConfigurationIsVisible = 0;
			defaultConfigurationName = Release;
		};
/* End XCConfigurationList section */
	};
	rootObject = F9E9F52C2A72AA6200D409EE /* Project object */;
}
